
Microsoft Visual Studio Solution File, Format Version 12.00
# Visual Studio Version 16
VisualStudioVersion = 16.0.32428.217
MinimumVisualStudioVersion = 10.0.40219.1
Project("{FAE04EC0-301F-11D3-BF4B-00C04F79EFBC}") = "ProjectAPI", "ProjectAPI\ProjectAPI.csproj", "{E49858EE-3DD8-42B4-BD95-7A1206B0A0C8}"
EndProject
Global
	GlobalSection(SolutionConfigurationPlatforms) = preSolution
		Debug|Any CPU = Debug|Any CPU
		Release|Any CPU = Release|Any CPU
	EndGlobalSection
	GlobalSection(ProjectConfigurationPlatforms) = postSolution
		{E49858EE-3DD8-42B4-BD95-7A1206B0A0C8}.Debug|Any CPU.ActiveCfg = Debug|Any CPU
		{E49858EE-3DD8-42B4-BD95-7A1206B0A0C8}.Debug|Any CPU.Build.0 = Debug|Any CPU
		{E49858EE-3DD8-42B4-BD95-7A1206B0A0C8}.Release|Any CPU.ActiveCfg = Release|Any CPU
		{E49858EE-3DD8-42B4-BD95-7A1206B0A0C8}.Release|Any CPU.Build.0 = Release|Any CPU
	EndGlobalSection
	GlobalSection(SolutionProperties) = preSolution
		HideSolutionNode = FALSE
	EndGlobalSection
	GlobalSection(ExtensibilityGlobals) = postSolution
		SolutionGuid = {F7DA183F-6209-41AF-B413-F95C31609174}
	EndGlobalSection
EndGlobal
